dependencies:
- name: kube-oidc-proxy
  repository: https://city-of-helsinki.github.io/helm-charts/
  version: 0.3.4
- name: dex
  repository: https://city-of-helsinki.github.io/helm-charts/
  version: 0.0.1
- name: gangway
  repository: https://city-of-helsinki.github.io/helm-charts/
  version: 0.0.2
digest: sha256:3fe1ec6ddc56eb032ea7caa92acde5688df05faefd7d98d8ef7d6810f4cced46
generated: "2022-01-21T19:37:54.743189+02:00"
